Microsoft Visual Studio Solution File, Format Version 11.00
# Visual Studio 2008

Project("{4DA22E2D-0823-ADAA-7F28-F3CD8445469A}") = "Starfightr", "Assembly-CSharp-vs.csproj", "{97FF20C7-D54A-1CCF-6285-71B7E14A1A7C}"
EndProject
Global
	GlobalSection(SolutionConfigurationPlatforms) = preSolution
		Debug|Any CPU = Debug|Any CPU
		Release|Any CPU = Release|Any CPU
	EndGlobalSection
	GlobalSection(ProjectConfigurationPlatforms) = postSolution
		{97FF20C7-D54A-1CCF-6285-71B7E14A1A7C}.Debug|Any CPU.ActiveCfg = Debug|Any CPU
		{97FF20C7-D54A-1CCF-6285-71B7E14A1A7C}.Debug|Any CPU.Build.0 = Debug|Any CPU
		{97FF20C7-D54A-1CCF-6285-71B7E14A1A7C}.Release|Any CPU.ActiveCfg = Release|Any CPU
		{97FF20C7-D54A-1CCF-6285-71B7E14A1A7C}.Release|Any CPU.Build.0 = Release|Any CPU
	EndGlobalSection
	GlobalSection(SolutionProperties) = preSolution
		HideSolutionNode = FALSE
	EndGlobalSection
																																												GlobalSection(MonoDevelopProperties) = preSolution
		StartupItem = Assembly-CSharp.csproj
		Policies = $0
		$0.TextStylePolicy = $1
		$1.inheritsSet = null
		$1.scope = text/x-csharp
		$0.CSharpFormattingPolicy = $2
		$2.inheritsSet = Mono
		$2.inheritsScope = text/x-csharp
		$2.scope = text/x-csharp
		$0.TextStylePolicy = $3
		$3.FileWidth = 120
		$3.TabsToSpaces = False
		$3.EolMarker = Unix
		$3.inheritsSet = VisualStudio
		$3.inheritsScope = text/plain
		$3.scope = text/plain
	EndGlobalSection

EndGlobal
